
Microsoft Visual Studio Solution File, Format Version 12.00
# Visual Studio Version 16
VisualStudioVersion = 16.0.29911.84
MinimumVisualStudioVersion = 10.0.40219.1
Project("{FAE04EC0-301F-11D3-BF4B-00C04F79EFBC}") = "Act14_Paginacion", "Act14_Paginacion\Act14_Paginacion.csproj", "{7FE8C66E-17FA-4564-ACDE-5C25FA4D3419}"
EndProject
Global
	GlobalSection(SolutionConfigurationPlatforms) = preSolution
		Debug|Any CPU = Debug|Any CPU
		Release|Any CPU = Release|Any CPU
	EndGlobalSection
	GlobalSection(ProjectConfigurationPlatforms) = postSolution
		{7FE8C66E-17FA-4564-ACDE-5C25FA4D3419}.Debug|Any CPU.ActiveCfg = Debug|Any CPU
		{7FE8C66E-17FA-4564-ACDE-5C25FA4D3419}.Debug|Any CPU.Build.0 = Debug|Any CPU
		{7FE8C66E-17FA-4564-ACDE-5C25FA4D3419}.Release|Any CPU.ActiveCfg = Release|Any CPU
		{7FE8C66E-17FA-4564-ACDE-5C25FA4D3419}.Release|Any CPU.Build.0 = Release|Any CPU
	EndGlobalSection
	GlobalSection(SolutionProperties) = preSolution
		HideSolutionNode = FALSE
	EndGlobalSection
	GlobalSection(ExtensibilityGlobals) = postSolution
		SolutionGuid = {6EDC1EF9-3FC8-4EB3-B55B-F6023A3F9E50}
	EndGlobalSection
EndGlobal
